
Microsoft Visual Studio Solution File, Format Version 12.00
# Visual Studio 15
VisualStudioVersion = 15.0.27428.2005
MinimumVisualStudioVersion = 10.0.40219.1
Project("{9092AA53-FB77-4645-B42D-1CCCA6BD08BD}") = "JackettBot", "JackettBot.njsproj", "{DA315E2B-5BCF-4A61-9FB6-37BF88932451}"
EndProject
Global
	GlobalSection(SolutionConfigurationPlatforms) = preSolution
		Debug|Any CPU = Debug|Any CPU
		Release|Any CPU = Release|Any CPU
	EndGlobalSection
	GlobalSection(ProjectConfigurationPlatforms) = postSolution
		{DA315E2B-5BCF-4A61-9FB6-37BF88932451}.Debug|Any CPU.ActiveCfg = Debug|Any CPU
		{DA315E2B-5BCF-4A61-9FB6-37BF88932451}.Debug|Any CPU.Build.0 = Debug|Any CPU
		{DA315E2B-5BCF-4A61-9FB6-37BF88932451}.Release|Any CPU.ActiveCfg = Release|Any CPU
		{DA315E2B-5BCF-4A61-9FB6-37BF88932451}.Release|Any CPU.Build.0 = Release|Any CPU
	EndGlobalSection
	GlobalSection(SolutionProperties) = preSolution
		HideSolutionNode = FALSE
	EndGlobalSection
	GlobalSection(ExtensibilityGlobals) = postSolution
		SolutionGuid = {A0AAE5BE-4C13-452F-A208-C971A2EFDD29}
	EndGlobalSection
EndGlobal
